
Microsoft Visual Studio Solution File, Format Version 12.00
Project("{2150E333-8FDC-42A3-9474-1A3956D46DE8}") = "Session1", "Session1", "{CDB1E3CE-CD90-4290-BFDC-F2379E4B3C45}"
EndProject
Project("{FAE04EC0-301F-11D3-BF4B-00C04F79EFBC}") = "Exercise_1", "Exercise_1\Exercise_1.csproj", "{C8173835-27FA-45F7-AC42-5DEE2A19576F}"
EndProject
Project("{2150E333-8FDC-42A3-9474-1A3956D46DE8}") = "Session2", "Session2", "{892B1B9C-38A3-47D6-9CC5-04BC8D0CD147}"
EndProject
Project("{2150E333-8FDC-42A3-9474-1A3956D46DE8}") = "Session3", "Session3", "{63C38150-858A-431C-8AB2-C9FEE2B90551}"
EndProject
Project("{2150E333-8FDC-42A3-9474-1A3956D46DE8}") = "Session4", "Session4", "{0DD87605-EDAC-410A-AE2A-BF2B1D3A4D01}"
EndProject
Project("{2150E333-8FDC-42A3-9474-1A3956D46DE8}") = "Session5", "Session5", "{AB23A6BE-9485-4A11-B4CD-801EAF21895E}"
EndProject
Project("{FAE04EC0-301F-11D3-BF4B-00C04F79EFBC}") = "Exercise_3", "Exercise_3\Exercise_3.csproj", "{6141225B-50D6-47EC-BDAD-C77F276FF6BA}"
EndProject
Project("{FAE04EC0-301F-11D3-BF4B-00C04F79EFBC}") = "Exercise_2", "Exercise_2\Exercise_2.csproj", "{A40579A3-375A-4B7B-900C-8354AECE9C56}"
EndProject
Project("{FAE04EC0-301F-11D3-BF4B-00C04F79EFBC}") = "Exercise_4", "Exercise_4\Exercise_4.csproj", "{72ABD494-57BD-477F-B127-9CEC7DA2D2B7}"
EndProject
Project("{FAE04EC0-301F-11D3-BF4B-00C04F79EFBC}") = "Exercise_5", "Exercise_5\Exercise_5.csproj", "{7BA3AE03-F52F-42C1-AA90-C22C1CC342AA}"
EndProject
Project("{FAE04EC0-301F-11D3-BF4B-00C04F79EFBC}") = "Exercise_6", "Exercise_6\Exercise_6.csproj", "{506EFAF8-A016-4828-91E9-EE3F46FCE549}"
EndProject
Project("{FAE04EC0-301F-11D3-BF4B-00C04F79EFBC}") = "Exercise_7", "Exercise_7\Exercise_7.csproj", "{F9940CDC-FD84-4245-9EB3-6CCCF311B108}"
EndProject
Project("{FAE04EC0-301F-11D3-BF4B-00C04F79EFBC}") = "Exercise_8", "Exercise_8\Exercise_8.csproj", "{E6B8F5B8-CE5A-41A9-B1F0-AFC52973AAE5}"
EndProject
Project("{FAE04EC0-301F-11D3-BF4B-00C04F79EFBC}") = "Exercise_9", "Exercise_9\Exercise_9.csproj", "{9845192B-8E40-4C2F-AF6E-00BB6CB4ECDB}"
EndProject
Project("{FAE04EC0-301F-11D3-BF4B-00C04F79EFBC}") = "Exercise_10", "Exercise_10\Exercise_10.csproj", "{2C20D1FB-A158-42F6-AB1B-4ABEF45FAABF}"
EndProject
Project("{FAE04EC0-301F-11D3-BF4B-00C04F79EFBC}") = "Exercise_11", "Exercise_11\Exercise_11.csproj", "{03EFB1B1-62DF-4DD8-8D63-6D83192EDB63}"
EndProject
Project("{FAE04EC0-301F-11D3-BF4B-00C04F79EFBC}") = "Ex1_Polymorphism", "Ex1_Polymorphism\Ex1_Polymorphism.csproj", "{EEB318B2-F375-4B17-B31A-33B43B25F22B}"
EndProject
Project("{FAE04EC0-301F-11D3-BF4B-00C04F79EFBC}") = "Ex2_Time", "Ex2_Time\Ex2_Time.csproj", "{B4800F21-00EE-46C2-8301-112ACF961641}"
EndProject
Project("{FAE04EC0-301F-11D3-BF4B-00C04F79EFBC}") = "Ex3_Time", "Ex3_Time\Ex3_Time.csproj", "{F88732B3-1BCD-4B4B-8F4C-A05E74372548}"
EndProject
Project("{FAE04EC0-301F-11D3-BF4B-00C04F79EFBC}") = "Ex4_DoctorsWaitingRoom", "Ex4_DoctorsWaitingRoom\Ex4_DoctorsWaitingRoom.csproj", "{3EE8AB1F-94F7-4910-9886-098524714ADD}"
EndProject
Project("{FAE04EC0-301F-11D3-BF4B-00C04F79EFBC}") = "Ex5_CarAndPredicates", "Ex5_CarAndPredicates\Ex5_CarAndPredicates.csproj", "{7685D050-6811-48FB-9914-987A1955BA45}"
EndProject
Project("{FAE04EC0-301F-11D3-BF4B-00C04F79EFBC}") = "Ex6_BirdWatchers", "Ex6_BirdWatchers\Ex6_BirdWatchers.csproj", "{37502FD9-1A52-4D21-B8E6-51F20693254F}"
EndProject
Project("{FAE04EC0-301F-11D3-BF4B-00C04F79EFBC}") = "Ex7_LargeProductSeries", "Ex7_LargeProductSeries\Ex7_LargeProductSeries.csproj", "{7C772F56-C9E4-489A-B3F4-3D191F548C03}"
EndProject
Project("{FAE04EC0-301F-11D3-BF4B-00C04F79EFBC}") = "Ex8_SumsAndQuestionmarks", "Ex8_SumsAndQuestionmarks\Ex8_SumsAndQuestionmarks.csproj", "{2C16C11F-2953-4A20-9949-DCA864F5981B}"
EndProject
Project("{FAE04EC0-301F-11D3-BF4B-00C04F79EFBC}") = "Ex9_IndentifyPalindromes", "Ex9_IndentifyPalindromes\Ex9_IndentifyPalindromes.csproj", "{0A61C653-CFE8-454E-B9D8-9CEBBF3EE191}"
EndProject
Project("{FAE04EC0-301F-11D3-BF4B-00C04F79EFBC}") = "Ex10_KthLargestNumber", "Ex10_KthLargestNumber\Ex10_KthLargestNumber.csproj", "{D54D6677-74DA-4D74-A39D-6EEAF7EB71BE}"
EndProject
Project("{FAE04EC0-301F-11D3-BF4B-00C04F79EFBC}") = "Ex11_SpellOutTheNumber", "Ex11_SpellOutTheNumber\Ex11_SpellOutTheNumber.csproj", "{21EF8179-0A4F-43C4-A1BA-D04C14EEBAD9}"
EndProject
Project("{FAE04EC0-301F-11D3-BF4B-00C04F79EFBC}") = "Ex12_GameQuestLogic", "Ex12_GameQuestLogic\Ex12_GameQuestLogic.csproj", "{636F455C-DA94-4971-8C90-7FE24B65DE51}"
EndProject
Project("{FAE04EC0-301F-11D3-BF4B-00C04F79EFBC}") = "Ex1_JsonIntro", "Ex1_JsonIntro\Ex1_JsonIntro.csproj", "{576F28CD-BC21-4567-95C4-9F005ABF9289}"
EndProject
Project("{FAE04EC0-301F-11D3-BF4B-00C04F79EFBC}") = "Ex2_JsonFileStorage", "Ex2_JsonFileStorage\Ex2_JsonFileStorage.csproj", "{E33FFC37-4C93-4583-B8E2-DB6F8C7925F8}"
EndProject
Project("{FAE04EC0-301F-11D3-BF4B-00C04F79EFBC}") = "Ex3_EchoServer_Server", "Ex3_EchoServer_Server\Ex3_EchoServer_Server.csproj", "{240A10E5-9DBD-43E8-9DDA-0AE3FFC1BF37}"
EndProject
Project("{FAE04EC0-301F-11D3-BF4B-00C04F79EFBC}") = "Ex3_EchoServer_Client", "Ex3_EchoServer_Client\Ex3_EchoServer_Client.csproj", "{226B6788-9036-4C1F-BA20-CAE4AB1ECD1E}"
EndProject
Project("{FAE04EC0-301F-11D3-BF4B-00C04F79EFBC}") = "Ex4_MultithreadedServer_Server", "Ex4_MultithreadedServer_Server\Ex4_MultithreadedServer_Server.csproj", "{DBA78527-650B-4C7B-8153-2E8F9C7678BE}"
EndProject
Project("{FAE04EC0-301F-11D3-BF4B-00C04F79EFBC}") = "Ex4_MultithreadedServer_Client", "Ex4_MultithreadedServer_Client\Ex4_MultithreadedServer_Client.csproj", "{E000A4AD-7155-46D6-9DA4-A6B6D9A5C47A}"
EndProject
Project("{FAE04EC0-301F-11D3-BF4B-00C04F79EFBC}") = "Ex5_ChatProgram_Server", "Ex5_ChatProgram_Server\Ex5_ChatProgram_Server.csproj", "{2BAEB22A-B164-4621-B454-C047CE0514E1}"
EndProject
Project("{FAE04EC0-301F-11D3-BF4B-00C04F79EFBC}") = "Ex5_ChatProgram_Client", "Ex5_ChatProgram_Client\Ex5_ChatProgram_Client.csproj", "{24838ECA-8B18-4A00-A53D-6A592C3B0DEF}"
EndProject
Project("{FAE04EC0-301F-11D3-BF4B-00C04F79EFBC}") = "Ex7_ChatProgramSendingObjects_Server", "Ex7_ChatProgramSendingObjects_Server\Ex7_ChatProgramSendingObjects_Server.csproj", "{F0943F1A-EDAE-44CA-A25E-2E8C78764CD3}"
EndProject
Project("{FAE04EC0-301F-11D3-BF4B-00C04F79EFBC}") = "Ex7_ChatProgramSendingObject_Client", "Ex7_ChatProgramSendingObject_Client\Ex7_ChatProgramSendingObject_Client.csproj", "{77ABBA9E-0CCC-459C-B6CB-8D70F4D6675C}"
EndProject
Project("{FAE04EC0-301F-11D3-BF4B-00C04F79EFBC}") = "Ex1_BlazorIntro", "Ex1_BlazorIntro\Ex1_BlazorIntro.csproj", "{2A247A5D-286E-4894-B2E5-987A2A670592}"
EndProject
Project("{FAE04EC0-301F-11D3-BF4B-00C04F79EFBC}") = "Ex3_FourthCoffee", "Ex3_FourthCoffee\Ex3_FourthCoffee.csproj", "{CF85A04F-ECB0-4A59-9B73-02F082347ED5}"
EndProject
Project("{FAE04EC0-301F-11D3-BF4B-00C04F79EFBC}") = "Ex4_TicTacToe", "Ex4_TicTacToe\Ex4_TicTacToe.csproj", "{0C05C189-16F5-47BA-B4EA-EEC398BBED09}"
EndProject
Project("{FAE04EC0-301F-11D3-BF4B-00C04F79EFBC}") = "Ex1_LogInSetup", "Ex1_LogInSetup\Ex1_LogInSetup.csproj", "{DF4C607B-A8D1-45BE-8128-311080CFF5B4}"
EndProject
Project("{2150E333-8FDC-42A3-9474-1A3956D46DE8}") = "Session6", "Session6", "{7BA790FC-D538-4537-AA43-E37B84F26D48}"
EndProject
Project("{2150E333-8FDC-42A3-9474-1A3956D46DE8}") = "Assignment1_Part1", "Assignment1_Part1", "{B10770DE-B223-4C6F-BA26-BCA03988C633}"
EndProject
Project("{FAE04EC0-301F-11D3-BF4B-00C04F79EFBC}") = "Ex2_ToDoTutorial", "Ex2_ToDoTutorial\Ex2_ToDoTutorial.csproj", "{B97F1696-714E-4AD9-B45C-D1A966F6EDE5}"
EndProject
Project("{FAE04EC0-301F-11D3-BF4B-00C04F79EFBC}") = "Ex2_ToDoLogIn", "Ex2_ToDoLogIn\Ex2_ToDoLogIn.csproj", "{A29B670A-78F2-41C0-BDA9-BF219B21D4F8}"
EndProject
Project("{2150E333-8FDC-42A3-9474-1A3956D46DE8}") = "Session7", "Session7", "{BFAE26A7-1F82-4EA1-ACE5-B286F2004B2B}"
EndProject
Project("{FAE04EC0-301F-11D3-BF4B-00C04F79EFBC}") = "ToDoWebApi", "ToDoWebApi\ToDoWebApi.csproj", "{FF6D815B-6486-46BF-AA4D-F7B0C9639A4E}"
EndProject
Project("{FAE04EC0-301F-11D3-BF4B-00C04F79EFBC}") = "ToDoWebClient", "ToDoWebClient\ToDoWebClient.csproj", "{33261547-3AFB-4353-9A0A-ED3AD7F7FFA4}"
EndProject
Project("{FAE04EC0-301F-11D3-BF4B-00C04F79EFBC}") = "OfficialWepApiTutorial", "OfficialWepApiTutorial\OfficialWepApiTutorial.csproj", "{7BC96412-0D23-4F0A-A4F9-C154FC9D41F2}"
EndProject
Project("{2150E333-8FDC-42A3-9474-1A3956D46DE8}") = "Session8", "Session8", "{9121EC65-C84F-4B50-A323-DE4E75ED1418}"
EndProject
Project("{2150E333-8FDC-42A3-9474-1A3956D46DE8}") = "Session9", "Session9", "{CAB0407C-C9AD-4D87-B0FB-B4F13BAAED76}"
EndProject
Project("{FAE04EC0-301F-11D3-BF4B-00C04F79EFBC}") = "Library", "Library\Library.csproj", "{C8F590F3-0B85-4C07-804D-F647206DE2DB}"
EndProject
Project("{FAE04EC0-301F-11D3-BF4B-00C04F79EFBC}") = "TodoWEBAPIDB", "TodoWEBAPIDB\TodoWEBAPIDB.csproj", "{36039B6F-B6BF-4C25-B022-3D83BCDCBBFB}"
EndProject
Project("{FAE04EC0-301F-11D3-BF4B-00C04F79EFBC}") = "HangmanGame", "HangmanGame\HangmanGame.csproj", "{E62ED951-A9F9-4888-858F-C07E4E400FE8}"
EndProject
Global
	GlobalSection(SolutionConfigurationPlatforms) = preSolution
		Debug|Any CPU = Debug|Any CPU
		Release|Any CPU = Release|Any CPU
	EndGlobalSection
	GlobalSection(ProjectConfigurationPlatforms) = postSolution
		{C8173835-27FA-45F7-AC42-5DEE2A19576F}.Debug|Any CPU.ActiveCfg = Debug|Any CPU
		{C8173835-27FA-45F7-AC42-5DEE2A19576F}.Debug|Any CPU.Build.0 = Debug|Any CPU
		{C8173835-27FA-45F7-AC42-5DEE2A19576F}.Release|Any CPU.ActiveCfg = Release|Any CPU
		{C8173835-27FA-45F7-AC42-5DEE2A19576F}.Release|Any CPU.Build.0 = Release|Any CPU
		{6141225B-50D6-47EC-BDAD-C77F276FF6BA}.Debug|Any CPU.ActiveCfg = Debug|Any CPU
		{6141225B-50D6-47EC-BDAD-C77F276FF6BA}.Debug|Any CPU.Build.0 = Debug|Any CPU
		{6141225B-50D6-47EC-BDAD-C77F276FF6BA}.Release|Any CPU.ActiveCfg = Release|Any CPU
		{6141225B-50D6-47EC-BDAD-C77F276FF6BA}.Release|Any CPU.Build.0 = Release|Any CPU
		{A40579A3-375A-4B7B-900C-8354AECE9C56}.Debug|Any CPU.ActiveCfg = Debug|Any CPU
		{A40579A3-375A-4B7B-900C-8354AECE9C56}.Debug|Any CPU.Build.0 = Debug|Any CPU
		{A40579A3-375A-4B7B-900C-8354AECE9C56}.Release|Any CPU.ActiveCfg = Release|Any CPU
		{A40579A3-375A-4B7B-900C-8354AECE9C56}.Release|Any CPU.Build.0 = Release|Any CPU
		{72ABD494-57BD-477F-B127-9CEC7DA2D2B7}.Debug|Any CPU.ActiveCfg = Debug|Any CPU
		{72ABD494-57BD-477F-B127-9CEC7DA2D2B7}.Debug|Any CPU.Build.0 = Debug|Any CPU
		{72ABD494-57BD-477F-B127-9CEC7DA2D2B7}.Release|Any CPU.ActiveCfg = Release|Any CPU
		{72ABD494-57BD-477F-B127-9CEC7DA2D2B7}.Release|Any CPU.Build.0 = Release|Any CPU
		{7BA3AE03-F52F-42C1-AA90-C22C1CC342AA}.Debug|Any CPU.ActiveCfg = Debug|Any CPU
		{7BA3AE03-F52F-42C1-AA90-C22C1CC342AA}.Debug|Any CPU.Build.0 = Debug|Any CPU
		{7BA3AE03-F52F-42C1-AA90-C22C1CC342AA}.Release|Any CPU.ActiveCfg = Release|Any CPU
		{7BA3AE03-F52F-42C1-AA90-C22C1CC342AA}.Release|Any CPU.Build.0 = Release|Any CPU
		{506EFAF8-A016-4828-91E9-EE3F46FCE549}.Debug|Any CPU.ActiveCfg = Debug|Any CPU
		{506EFAF8-A016-4828-91E9-EE3F46FCE549}.Debug|Any CPU.Build.0 = Debug|Any CPU
		{506EFAF8-A016-4828-91E9-EE3F46FCE549}.Release|Any CPU.ActiveCfg = Release|Any CPU
		{506EFAF8-A016-4828-91E9-EE3F46FCE549}.Release|Any CPU.Build.0 = Release|Any CPU
		{F9940CDC-FD84-4245-9EB3-6CCCF311B108}.Debug|Any CPU.ActiveCfg = Debug|Any CPU
		{F9940CDC-FD84-4245-9EB3-6CCCF311B108}.Debug|Any CPU.Build.0 = Debug|Any CPU
		{F9940CDC-FD84-4245-9EB3-6CCCF311B108}.Release|Any CPU.ActiveCfg = Release|Any CPU
		{F9940CDC-FD84-4245-9EB3-6CCCF311B108}.Release|Any CPU.Build.0 = Release|Any CPU
		{E6B8F5B8-CE5A-41A9-B1F0-AFC52973AAE5}.Debug|Any CPU.ActiveCfg = Debug|Any CPU
		{E6B8F5B8-CE5A-41A9-B1F0-AFC52973AAE5}.Debug|Any CPU.Build.0 = Debug|Any CPU
		{E6B8F5B8-CE5A-41A9-B1F0-AFC52973AAE5}.Release|Any CPU.ActiveCfg = Release|Any CPU
		{E6B8F5B8-CE5A-41A9-B1F0-AFC52973AAE5}.Release|Any CPU.Build.0 = Release|Any CPU
		{9845192B-8E40-4C2F-AF6E-00BB6CB4ECDB}.Debug|Any CPU.ActiveCfg = Debug|Any CPU
		{9845192B-8E40-4C2F-AF6E-00BB6CB4ECDB}.Debug|Any CPU.Build.0 = Debug|Any CPU
		{9845192B-8E40-4C2F-AF6E-00BB6CB4ECDB}.Release|Any CPU.ActiveCfg = Release|Any CPU
		{9845192B-8E40-4C2F-AF6E-00BB6CB4ECDB}.Release|Any CPU.Build.0 = Release|Any CPU
		{2C20D1FB-A158-42F6-AB1B-4ABEF45FAABF}.Debug|Any CPU.ActiveCfg = Debug|Any CPU
		{2C20D1FB-A158-42F6-AB1B-4ABEF45FAABF}.Debug|Any CPU.Build.0 = Debug|Any CPU
		{2C20D1FB-A158-42F6-AB1B-4ABEF45FAABF}.Release|Any CPU.ActiveCfg = Release|Any CPU
		{2C20D1FB-A158-42F6-AB1B-4ABEF45FAABF}.Release|Any CPU.Build.0 = Release|Any CPU
		{03EFB1B1-62DF-4DD8-8D63-6D83192EDB63}.Debug|Any CPU.ActiveCfg = Debug|Any CPU
		{03EFB1B1-62DF-4DD8-8D63-6D83192EDB63}.Debug|Any CPU.Build.0 = Debug|Any CPU
		{03EFB1B1-62DF-4DD8-8D63-6D83192EDB63}.Release|Any CPU.ActiveCfg = Release|Any CPU
		{03EFB1B1-62DF-4DD8-8D63-6D83192EDB63}.Release|Any CPU.Build.0 = Release|Any CPU
		{EEB318B2-F375-4B17-B31A-33B43B25F22B}.Debug|Any CPU.ActiveCfg = Debug|Any CPU
		{EEB318B2-F375-4B17-B31A-33B43B25F22B}.Debug|Any CPU.Build.0 = Debug|Any CPU
		{EEB318B2-F375-4B17-B31A-33B43B25F22B}.Release|Any CPU.ActiveCfg = Release|Any CPU
		{EEB318B2-F375-4B17-B31A-33B43B25F22B}.Release|Any CPU.Build.0 = Release|Any CPU
		{B4800F21-00EE-46C2-8301-112ACF961641}.Debug|Any CPU.ActiveCfg = Debug|Any CPU
		{B4800F21-00EE-46C2-8301-112ACF961641}.Debug|Any CPU.Build.0 = Debug|Any CPU
		{B4800F21-00EE-46C2-8301-112ACF961641}.Release|Any CPU.ActiveCfg = Release|Any CPU
		{B4800F21-00EE-46C2-8301-112ACF961641}.Release|Any CPU.Build.0 = Release|Any CPU
		{F88732B3-1BCD-4B4B-8F4C-A05E74372548}.Debug|Any CPU.ActiveCfg = Debug|Any CPU
		{F88732B3-1BCD-4B4B-8F4C-A05E74372548}.Debug|Any CPU.Build.0 = Debug|Any CPU
		{F88732B3-1BCD-4B4B-8F4C-A05E74372548}.Release|Any CPU.ActiveCfg = Release|Any CPU
		{F88732B3-1BCD-4B4B-8F4C-A05E74372548}.Release|Any CPU.Build.0 = Release|Any CPU
		{3EE8AB1F-94F7-4910-9886-098524714ADD}.Debug|Any CPU.ActiveCfg = Debug|Any CPU
		{3EE8AB1F-94F7-4910-9886-098524714ADD}.Debug|Any CPU.Build.0 = Debug|Any CPU
		{3EE8AB1F-94F7-4910-9886-098524714ADD}.Release|Any CPU.ActiveCfg = Release|Any CPU
		{3EE8AB1F-94F7-4910-9886-098524714ADD}.Release|Any CPU.Build.0 = Release|Any CPU
		{7685D050-6811-48FB-9914-987A1955BA45}.Debug|Any CPU.ActiveCfg = Debug|Any CPU
		{7685D050-6811-48FB-9914-987A1955BA45}.Debug|Any CPU.Build.0 = Debug|Any CPU
		{7685D050-6811-48FB-9914-987A1955BA45}.Release|Any CPU.ActiveCfg = Release|Any CPU
		{7685D050-6811-48FB-9914-987A1955BA45}.Release|Any CPU.Build.0 = Release|Any CPU
		{37502FD9-1A52-4D21-B8E6-51F20693254F}.Debug|Any CPU.ActiveCfg = Debug|Any CPU
		{37502FD9-1A52-4D21-B8E6-51F20693254F}.Debug|Any CPU.Build.0 = Debug|Any CPU
		{37502FD9-1A52-4D21-B8E6-51F20693254F}.Release|Any CPU.ActiveCfg = Release|Any CPU
		{37502FD9-1A52-4D21-B8E6-51F20693254F}.Release|Any CPU.Build.0 = Release|Any CPU
		{7C772F56-C9E4-489A-B3F4-3D191F548C03}.Debug|Any CPU.ActiveCfg = Debug|Any CPU
		{7C772F56-C9E4-489A-B3F4-3D191F548C03}.Debug|Any CPU.Build.0 = Debug|Any CPU
		{7C772F56-C9E4-489A-B3F4-3D191F548C03}.Release|Any CPU.ActiveCfg = Release|Any CPU
		{7C772F56-C9E4-489A-B3F4-3D191F548C03}.Release|Any CPU.Build.0 = Release|Any CPU
		{2C16C11F-2953-4A20-9949-DCA864F5981B}.Debug|Any CPU.ActiveCfg = Debug|Any CPU
		{2C16C11F-2953-4A20-9949-DCA864F5981B}.Debug|Any CPU.Build.0 = Debug|Any CPU
		{2C16C11F-2953-4A20-9949-DCA864F5981B}.Release|Any CPU.ActiveCfg = Release|Any CPU
		{2C16C11F-2953-4A20-9949-DCA864F5981B}.Release|Any CPU.Build.0 = Release|Any CPU
		{0A61C653-CFE8-454E-B9D8-9CEBBF3EE191}.Debug|Any CPU.ActiveCfg = Debug|Any CPU
		{0A61C653-CFE8-454E-B9D8-9CEBBF3EE191}.Debug|Any CPU.Build.0 = Debug|Any CPU
		{0A61C653-CFE8-454E-B9D8-9CEBBF3EE191}.Release|Any CPU.ActiveCfg = Release|Any CPU
		{0A61C653-CFE8-454E-B9D8-9CEBBF3EE191}.Release|Any CPU.Build.0 = Release|Any CPU
		{D54D6677-74DA-4D74-A39D-6EEAF7EB71BE}.Debug|Any CPU.ActiveCfg = Debug|Any CPU
		{D54D6677-74DA-4D74-A39D-6EEAF7EB71BE}.Debug|Any CPU.Build.0 = Debug|Any CPU
		{D54D6677-74DA-4D74-A39D-6EEAF7EB71BE}.Release|Any CPU.ActiveCfg = Release|Any CPU
		{D54D6677-74DA-4D74-A39D-6EEAF7EB71BE}.Release|Any CPU.Build.0 = Release|Any CPU
		{21EF8179-0A4F-43C4-A1BA-D04C14EEBAD9}.Debug|Any CPU.ActiveCfg = Debug|Any CPU
		{21EF8179-0A4F-43C4-A1BA-D04C14EEBAD9}.Debug|Any CPU.Build.0 = Debug|Any CPU
		{21EF8179-0A4F-43C4-A1BA-D04C14EEBAD9}.Release|Any CPU.ActiveCfg = Release|Any CPU
		{21EF8179-0A4F-43C4-A1BA-D04C14EEBAD9}.Release|Any CPU.Build.0 = Release|Any CPU
		{636F455C-DA94-4971-8C90-7FE24B65DE51}.Debug|Any CPU.ActiveCfg = Debug|Any CPU
		{636F455C-DA94-4971-8C90-7FE24B65DE51}.Debug|Any CPU.Build.0 = Debug|Any CPU
		{636F455C-DA94-4971-8C90-7FE24B65DE51}.Release|Any CPU.ActiveCfg = Release|Any CPU
		{636F455C-DA94-4971-8C90-7FE24B65DE51}.Release|Any CPU.Build.0 = Release|Any CPU
		{576F28CD-BC21-4567-95C4-9F005ABF9289}.Debug|Any CPU.ActiveCfg = Debug|Any CPU
		{576F28CD-BC21-4567-95C4-9F005ABF9289}.Debug|Any CPU.Build.0 = Debug|Any CPU
		{576F28CD-BC21-4567-95C4-9F005ABF9289}.Release|Any CPU.ActiveCfg = Release|Any CPU
		{576F28CD-BC21-4567-95C4-9F005ABF9289}.Release|Any CPU.Build.0 = Release|Any CPU
		{E33FFC37-4C93-4583-B8E2-DB6F8C7925F8}.Debug|Any CPU.ActiveCfg = Debug|Any CPU
		{E33FFC37-4C93-4583-B8E2-DB6F8C7925F8}.Debug|Any CPU.Build.0 = Debug|Any CPU
		{E33FFC37-4C93-4583-B8E2-DB6F8C7925F8}.Release|Any CPU.ActiveCfg = Release|Any CPU
		{E33FFC37-4C93-4583-B8E2-DB6F8C7925F8}.Release|Any CPU.Build.0 = Release|Any CPU
		{240A10E5-9DBD-43E8-9DDA-0AE3FFC1BF37}.Debug|Any CPU.ActiveCfg = Debug|Any CPU
		{240A10E5-9DBD-43E8-9DDA-0AE3FFC1BF37}.Debug|Any CPU.Build.0 = Debug|Any CPU
		{240A10E5-9DBD-43E8-9DDA-0AE3FFC1BF37}.Release|Any CPU.ActiveCfg = Release|Any CPU
		{240A10E5-9DBD-43E8-9DDA-0AE3FFC1BF37}.Release|Any CPU.Build.0 = Release|Any CPU
		{226B6788-9036-4C1F-BA20-CAE4AB1ECD1E}.Debug|Any CPU.ActiveCfg = Debug|Any CPU
		{226B6788-9036-4C1F-BA20-CAE4AB1ECD1E}.Debug|Any CPU.Build.0 = Debug|Any CPU
		{226B6788-9036-4C1F-BA20-CAE4AB1ECD1E}.Release|Any CPU.ActiveCfg = Release|Any CPU
		{226B6788-9036-4C1F-BA20-CAE4AB1ECD1E}.Release|Any CPU.Build.0 = Release|Any CPU
		{DBA78527-650B-4C7B-8153-2E8F9C7678BE}.Debug|Any CPU.ActiveCfg = Debug|Any CPU
		{DBA78527-650B-4C7B-8153-2E8F9C7678BE}.Debug|Any CPU.Build.0 = Debug|Any CPU
		{DBA78527-650B-4C7B-8153-2E8F9C7678BE}.Release|Any CPU.ActiveCfg = Release|Any CPU
		{DBA78527-650B-4C7B-8153-2E8F9C7678BE}.Release|Any CPU.Build.0 = Release|Any CPU
		{E000A4AD-7155-46D6-9DA4-A6B6D9A5C47A}.Debug|Any CPU.ActiveCfg = Debug|Any CPU
		{E000A4AD-7155-46D6-9DA4-A6B6D9A5C47A}.Debug|Any CPU.Build.0 = Debug|Any CPU
		{E000A4AD-7155-46D6-9DA4-A6B6D9A5C47A}.Release|Any CPU.ActiveCfg = Release|Any CPU
		{E000A4AD-7155-46D6-9DA4-A6B6D9A5C47A}.Release|Any CPU.Build.0 = Release|Any CPU
		{2BAEB22A-B164-4621-B454-C047CE0514E1}.Debug|Any CPU.ActiveCfg = Debug|Any CPU
		{2BAEB22A-B164-4621-B454-C047CE0514E1}.Debug|Any CPU.Build.0 = Debug|Any CPU
		{2BAEB22A-B164-4621-B454-C047CE0514E1}.Release|Any CPU.ActiveCfg = Release|Any CPU
		{2BAEB22A-B164-4621-B454-C047CE0514E1}.Release|Any CPU.Build.0 = Release|Any CPU
		{24838ECA-8B18-4A00-A53D-6A592C3B0DEF}.Debug|Any CPU.ActiveCfg = Debug|Any CPU
		{24838ECA-8B18-4A00-A53D-6A592C3B0DEF}.Debug|Any CPU.Build.0 = Debug|Any CPU
		{24838ECA-8B18-4A00-A53D-6A592C3B0DEF}.Release|Any CPU.ActiveCfg = Release|Any CPU
		{24838ECA-8B18-4A00-A53D-6A592C3B0DEF}.Release|Any CPU.Build.0 = Release|Any CPU
		{F0943F1A-EDAE-44CA-A25E-2E8C78764CD3}.Debug|Any CPU.ActiveCfg = Debug|Any CPU
		{F0943F1A-EDAE-44CA-A25E-2E8C78764CD3}.Debug|Any CPU.Build.0 = Debug|Any CPU
		{F0943F1A-EDAE-44CA-A25E-2E8C78764CD3}.Release|Any CPU.ActiveCfg = Release|Any CPU
		{F0943F1A-EDAE-44CA-A25E-2E8C78764CD3}.Release|Any CPU.Build.0 = Release|Any CPU
		{77ABBA9E-0CCC-459C-B6CB-8D70F4D6675C}.Debug|Any CPU.ActiveCfg = Debug|Any CPU
		{77ABBA9E-0CCC-459C-B6CB-8D70F4D6675C}.Debug|Any CPU.Build.0 = Debug|Any CPU
		{77ABBA9E-0CCC-459C-B6CB-8D70F4D6675C}.Release|Any CPU.ActiveCfg = Release|Any CPU
		{77ABBA9E-0CCC-459C-B6CB-8D70F4D6675C}.Release|Any CPU.Build.0 = Release|Any CPU
		{2A247A5D-286E-4894-B2E5-987A2A670592}.Debug|Any CPU.ActiveCfg = Debug|Any CPU
		{2A247A5D-286E-4894-B2E5-987A2A670592}.Debug|Any CPU.Build.0 = Debug|Any CPU
		{2A247A5D-286E-4894-B2E5-987A2A670592}.Release|Any CPU.ActiveCfg = Release|Any CPU
		{2A247A5D-286E-4894-B2E5-987A2A670592}.Release|Any CPU.Build.0 = Release|Any CPU
		{CF85A04F-ECB0-4A59-9B73-02F082347ED5}.Debug|Any CPU.ActiveCfg = Debug|Any CPU
		{CF85A04F-ECB0-4A59-9B73-02F082347ED5}.Debug|Any CPU.Build.0 = Debug|Any CPU
		{CF85A04F-ECB0-4A59-9B73-02F082347ED5}.Release|Any CPU.ActiveCfg = Release|Any CPU
		{CF85A04F-ECB0-4A59-9B73-02F082347ED5}.Release|Any CPU.Build.0 = Release|Any CPU
		{0C05C189-16F5-47BA-B4EA-EEC398BBED09}.Debug|Any CPU.ActiveCfg = Debug|Any CPU
		{0C05C189-16F5-47BA-B4EA-EEC398BBED09}.Debug|Any CPU.Build.0 = Debug|Any CPU
		{0C05C189-16F5-47BA-B4EA-EEC398BBED09}.Release|Any CPU.ActiveCfg = Release|Any CPU
		{0C05C189-16F5-47BA-B4EA-EEC398BBED09}.Release|Any CPU.Build.0 = Release|Any CPU
		{DF4C607B-A8D1-45BE-8128-311080CFF5B4}.Debug|Any CPU.ActiveCfg = Debug|Any CPU
		{DF4C607B-A8D1-45BE-8128-311080CFF5B4}.Debug|Any CPU.Build.0 = Debug|Any CPU
		{DF4C607B-A8D1-45BE-8128-311080CFF5B4}.Release|Any CPU.ActiveCfg = Release|Any CPU
		{DF4C607B-A8D1-45BE-8128-311080CFF5B4}.Release|Any CPU.Build.0 = Release|Any CPU
		{B97F1696-714E-4AD9-B45C-D1A966F6EDE5}.Debug|Any CPU.ActiveCfg = Debug|Any CPU
		{B97F1696-714E-4AD9-B45C-D1A966F6EDE5}.Debug|Any CPU.Build.0 = Debug|Any CPU
		{B97F1696-714E-4AD9-B45C-D1A966F6EDE5}.Release|Any CPU.ActiveCfg = Release|Any CPU
		{B97F1696-714E-4AD9-B45C-D1A966F6EDE5}.Release|Any CPU.Build.0 = Release|Any CPU
		{A29B670A-78F2-41C0-BDA9-BF219B21D4F8}.Debug|Any CPU.ActiveCfg = Debug|Any CPU
		{A29B670A-78F2-41C0-BDA9-BF219B21D4F8}.Debug|Any CPU.Build.0 = Debug|Any CPU
		{A29B670A-78F2-41C0-BDA9-BF219B21D4F8}.Release|Any CPU.ActiveCfg = Release|Any CPU
		{A29B670A-78F2-41C0-BDA9-BF219B21D4F8}.Release|Any CPU.Build.0 = Release|Any CPU
		{FF6D815B-6486-46BF-AA4D-F7B0C9639A4E}.Debug|Any CPU.ActiveCfg = Debug|Any CPU
		{FF6D815B-6486-46BF-AA4D-F7B0C9639A4E}.Debug|Any CPU.Build.0 = Debug|Any CPU
		{FF6D815B-6486-46BF-AA4D-F7B0C9639A4E}.Release|Any CPU.ActiveCfg = Release|Any CPU
		{FF6D815B-6486-46BF-AA4D-F7B0C9639A4E}.Release|Any CPU.Build.0 = Release|Any CPU
		{33261547-3AFB-4353-9A0A-ED3AD7F7FFA4}.Debug|Any CPU.ActiveCfg = Debug|Any CPU
		{33261547-3AFB-4353-9A0A-ED3AD7F7FFA4}.Debug|Any CPU.Build.0 = Debug|Any CPU
		{33261547-3AFB-4353-9A0A-ED3AD7F7FFA4}.Release|Any CPU.ActiveCfg = Release|Any CPU
		{33261547-3AFB-4353-9A0A-ED3AD7F7FFA4}.Release|Any CPU.Build.0 = Release|Any CPU
		{7BC96412-0D23-4F0A-A4F9-C154FC9D41F2}.Debug|Any CPU.ActiveCfg = Debug|Any CPU
		{7BC96412-0D23-4F0A-A4F9-C154FC9D41F2}.Debug|Any CPU.Build.0 = Debug|Any CPU
		{7BC96412-0D23-4F0A-A4F9-C154FC9D41F2}.Release|Any CPU.ActiveCfg = Release|Any CPU
		{7BC96412-0D23-4F0A-A4F9-C154FC9D41F2}.Release|Any CPU.Build.0 = Release|Any CPU
		{C8F590F3-0B85-4C07-804D-F647206DE2DB}.Debug|Any CPU.ActiveCfg = Debug|Any CPU
		{C8F590F3-0B85-4C07-804D-F647206DE2DB}.Debug|Any CPU.Build.0 = Debug|Any CPU
		{C8F590F3-0B85-4C07-804D-F647206DE2DB}.Release|Any CPU.ActiveCfg = Release|Any CPU
		{C8F590F3-0B85-4C07-804D-F647206DE2DB}.Release|Any CPU.Build.0 = Release|Any CPU
		{36039B6F-B6BF-4C25-B022-3D83BCDCBBFB}.Debug|Any CPU.ActiveCfg = Debug|Any CPU
		{36039B6F-B6BF-4C25-B022-3D83BCDCBBFB}.Debug|Any CPU.Build.0 = Debug|Any CPU
		{36039B6F-B6BF-4C25-B022-3D83BCDCBBFB}.Release|Any CPU.ActiveCfg = Release|Any CPU
		{36039B6F-B6BF-4C25-B022-3D83BCDCBBFB}.Release|Any CPU.Build.0 = Release|Any CPU
		{E62ED951-A9F9-4888-858F-C07E4E400FE8}.Debug|Any CPU.ActiveCfg = Debug|Any CPU
		{E62ED951-A9F9-4888-858F-C07E4E400FE8}.Debug|Any CPU.Build.0 = Debug|Any CPU
		{E62ED951-A9F9-4888-858F-C07E4E400FE8}.Release|Any CPU.ActiveCfg = Release|Any CPU
		{E62ED951-A9F9-4888-858F-C07E4E400FE8}.Release|Any CPU.Build.0 = Release|Any CPU
	EndGlobalSection
	GlobalSection(NestedProjects) = preSolution
		{C8173835-27FA-45F7-AC42-5DEE2A19576F} = {CDB1E3CE-CD90-4290-BFDC-F2379E4B3C45}
		{6141225B-50D6-47EC-BDAD-C77F276FF6BA} = {CDB1E3CE-CD90-4290-BFDC-F2379E4B3C45}
		{A40579A3-375A-4B7B-900C-8354AECE9C56} = {CDB1E3CE-CD90-4290-BFDC-F2379E4B3C45}
		{72ABD494-57BD-477F-B127-9CEC7DA2D2B7} = {CDB1E3CE-CD90-4290-BFDC-F2379E4B3C45}
		{7BA3AE03-F52F-42C1-AA90-C22C1CC342AA} = {CDB1E3CE-CD90-4290-BFDC-F2379E4B3C45}
		{506EFAF8-A016-4828-91E9-EE3F46FCE549} = {CDB1E3CE-CD90-4290-BFDC-F2379E4B3C45}
		{F9940CDC-FD84-4245-9EB3-6CCCF311B108} = {CDB1E3CE-CD90-4290-BFDC-F2379E4B3C45}
		{E6B8F5B8-CE5A-41A9-B1F0-AFC52973AAE5} = {CDB1E3CE-CD90-4290-BFDC-F2379E4B3C45}
		{9845192B-8E40-4C2F-AF6E-00BB6CB4ECDB} = {CDB1E3CE-CD90-4290-BFDC-F2379E4B3C45}
		{2C20D1FB-A158-42F6-AB1B-4ABEF45FAABF} = {CDB1E3CE-CD90-4290-BFDC-F2379E4B3C45}
		{03EFB1B1-62DF-4DD8-8D63-6D83192EDB63} = {CDB1E3CE-CD90-4290-BFDC-F2379E4B3C45}
		{EEB318B2-F375-4B17-B31A-33B43B25F22B} = {892B1B9C-38A3-47D6-9CC5-04BC8D0CD147}
		{B4800F21-00EE-46C2-8301-112ACF961641} = {892B1B9C-38A3-47D6-9CC5-04BC8D0CD147}
		{F88732B3-1BCD-4B4B-8F4C-A05E74372548} = {892B1B9C-38A3-47D6-9CC5-04BC8D0CD147}
		{3EE8AB1F-94F7-4910-9886-098524714ADD} = {892B1B9C-38A3-47D6-9CC5-04BC8D0CD147}
		{7685D050-6811-48FB-9914-987A1955BA45} = {892B1B9C-38A3-47D6-9CC5-04BC8D0CD147}
		{37502FD9-1A52-4D21-B8E6-51F20693254F} = {892B1B9C-38A3-47D6-9CC5-04BC8D0CD147}
		{7C772F56-C9E4-489A-B3F4-3D191F548C03} = {892B1B9C-38A3-47D6-9CC5-04BC8D0CD147}
		{2C16C11F-2953-4A20-9949-DCA864F5981B} = {892B1B9C-38A3-47D6-9CC5-04BC8D0CD147}
		{0A61C653-CFE8-454E-B9D8-9CEBBF3EE191} = {892B1B9C-38A3-47D6-9CC5-04BC8D0CD147}
		{D54D6677-74DA-4D74-A39D-6EEAF7EB71BE} = {892B1B9C-38A3-47D6-9CC5-04BC8D0CD147}
		{21EF8179-0A4F-43C4-A1BA-D04C14EEBAD9} = {892B1B9C-38A3-47D6-9CC5-04BC8D0CD147}
		{636F455C-DA94-4971-8C90-7FE24B65DE51} = {892B1B9C-38A3-47D6-9CC5-04BC8D0CD147}
		{576F28CD-BC21-4567-95C4-9F005ABF9289} = {63C38150-858A-431C-8AB2-C9FEE2B90551}
		{E33FFC37-4C93-4583-B8E2-DB6F8C7925F8} = {63C38150-858A-431C-8AB2-C9FEE2B90551}
		{240A10E5-9DBD-43E8-9DDA-0AE3FFC1BF37} = {63C38150-858A-431C-8AB2-C9FEE2B90551}
		{226B6788-9036-4C1F-BA20-CAE4AB1ECD1E} = {63C38150-858A-431C-8AB2-C9FEE2B90551}
		{DBA78527-650B-4C7B-8153-2E8F9C7678BE} = {63C38150-858A-431C-8AB2-C9FEE2B90551}
		{E000A4AD-7155-46D6-9DA4-A6B6D9A5C47A} = {63C38150-858A-431C-8AB2-C9FEE2B90551}
		{2BAEB22A-B164-4621-B454-C047CE0514E1} = {63C38150-858A-431C-8AB2-C9FEE2B90551}
		{24838ECA-8B18-4A00-A53D-6A592C3B0DEF} = {63C38150-858A-431C-8AB2-C9FEE2B90551}
		{F0943F1A-EDAE-44CA-A25E-2E8C78764CD3} = {63C38150-858A-431C-8AB2-C9FEE2B90551}
		{77ABBA9E-0CCC-459C-B6CB-8D70F4D6675C} = {63C38150-858A-431C-8AB2-C9FEE2B90551}
		{2A247A5D-286E-4894-B2E5-987A2A670592} = {0DD87605-EDAC-410A-AE2A-BF2B1D3A4D01}
		{CF85A04F-ECB0-4A59-9B73-02F082347ED5} = {0DD87605-EDAC-410A-AE2A-BF2B1D3A4D01}
		{0C05C189-16F5-47BA-B4EA-EEC398BBED09} = {0DD87605-EDAC-410A-AE2A-BF2B1D3A4D01}
		{DF4C607B-A8D1-45BE-8128-311080CFF5B4} = {AB23A6BE-9485-4A11-B4CD-801EAF21895E}
		{B97F1696-714E-4AD9-B45C-D1A966F6EDE5} = {0DD87605-EDAC-410A-AE2A-BF2B1D3A4D01}
		{A29B670A-78F2-41C0-BDA9-BF219B21D4F8} = {AB23A6BE-9485-4A11-B4CD-801EAF21895E}
		{FF6D815B-6486-46BF-AA4D-F7B0C9639A4E} = {BFAE26A7-1F82-4EA1-ACE5-B286F2004B2B}
		{33261547-3AFB-4353-9A0A-ED3AD7F7FFA4} = {BFAE26A7-1F82-4EA1-ACE5-B286F2004B2B}
		{7BC96412-0D23-4F0A-A4F9-C154FC9D41F2} = {BFAE26A7-1F82-4EA1-ACE5-B286F2004B2B}
		{C8F590F3-0B85-4C07-804D-F647206DE2DB} = {CAB0407C-C9AD-4D87-B0FB-B4F13BAAED76}
		{36039B6F-B6BF-4C25-B022-3D83BCDCBBFB} = {CAB0407C-C9AD-4D87-B0FB-B4F13BAAED76}
		{E62ED951-A9F9-4888-858F-C07E4E400FE8} = {BFAE26A7-1F82-4EA1-ACE5-B286F2004B2B}
	EndGlobalSection
EndGlobal
